
Microsoft Visual Studio Solution File, Format Version 12.00
# Visual Studio Version 17
VisualStudioVersion = 17.10.35122.118
MinimumVisualStudioVersion = 10.0.40219.1
Project("{FAE04EC0-301F-11D3-BF4B-00C04F79EFBC}") = "MVC Demo02", "MVC Demo02\MVC Demo02.csproj", "{9386109D-139F-4341-B288-DF713356E246}"
EndProject
Global
	GlobalSection(SolutionConfigurationPlatforms) = preSolution
		Debug|Any CPU = Debug|Any CPU
		Release|Any CPU = Release|Any CPU
	EndGlobalSection
	GlobalSection(ProjectConfigurationPlatforms) = postSolution
		{9386109D-139F-4341-B288-DF713356E246}.Debug|Any CPU.ActiveCfg = Debug|Any CPU
		{9386109D-139F-4341-B288-DF713356E246}.Debug|Any CPU.Build.0 = Debug|Any CPU
		{9386109D-139F-4341-B288-DF713356E246}.Release|Any CPU.ActiveCfg = Release|Any CPU
		{9386109D-139F-4341-B288-DF713356E246}.Release|Any CPU.Build.0 = Release|Any CPU
	EndGlobalSection
	GlobalSection(SolutionProperties) = preSolution
		HideSolutionNode = FALSE
	EndGlobalSection
	GlobalSection(ExtensibilityGlobals) = postSolution
		SolutionGuid = {14133F86-7FBE-4BA1-9198-18D38EDA9F30}
	EndGlobalSection
EndGlobal
